
Microsoft Visual Studio Solution File, Format Version 12.00
# Visual Studio Version 17
VisualStudioVersion = 17.13.35825.156 d17.13
MinimumVisualStudioVersion = 10.0.40219.1
Project("{FAE04EC0-301F-11D3-BF4B-00C04F79EFBC}") = "Entity", "Entity\Entity.csproj", "{2DFE4019-5CC3-4F89-BA84-2D9A4EE39D9A}"
EndProject
Project("{FAE04EC0-301F-11D3-BF4B-00C04F79EFBC}") = "Data", "Data\Data.csproj", "{2FFAFE28-89B1-424B-81A4-46B16A2D861C}"
EndProject
Project("{FAE04EC0-301F-11D3-BF4B-00C04F79EFBC}") = "Diagram", "Diagram\Diagram.csproj", "{6098694B-30AD-4203-BC30-8E6675F25C07}"
EndProject
Global
	GlobalSection(SolutionConfigurationPlatforms) = preSolution
		Debug|Any CPU = Debug|Any CPU
		Release|Any CPU = Release|Any CPU
	EndGlobalSection
	GlobalSection(ProjectConfigurationPlatforms) = postSolution
		{2DFE4019-5CC3-4F89-BA84-2D9A4EE39D9A}.Debug|Any CPU.ActiveCfg = Debug|Any CPU
		{2DFE4019-5CC3-4F89-BA84-2D9A4EE39D9A}.Debug|Any CPU.Build.0 = Debug|Any CPU
		{2DFE4019-5CC3-4F89-BA84-2D9A4EE39D9A}.Release|Any CPU.ActiveCfg = Release|Any CPU
		{2DFE4019-5CC3-4F89-BA84-2D9A4EE39D9A}.Release|Any CPU.Build.0 = Release|Any CPU
		{2FFAFE28-89B1-424B-81A4-46B16A2D861C}.Debug|Any CPU.ActiveCfg = Debug|Any CPU
		{2FFAFE28-89B1-424B-81A4-46B16A2D861C}.Debug|Any CPU.Build.0 = Debug|Any CPU
		{2FFAFE28-89B1-424B-81A4-46B16A2D861C}.Release|Any CPU.ActiveCfg = Release|Any CPU
		{2FFAFE28-89B1-424B-81A4-46B16A2D861C}.Release|Any CPU.Build.0 = Release|Any CPU
		{6098694B-30AD-4203-BC30-8E6675F25C07}.Debug|Any CPU.ActiveCfg = Debug|Any CPU
		{6098694B-30AD-4203-BC30-8E6675F25C07}.Debug|Any CPU.Build.0 = Debug|Any CPU
		{6098694B-30AD-4203-BC30-8E6675F25C07}.Release|Any CPU.ActiveCfg = Release|Any CPU
		{6098694B-30AD-4203-BC30-8E6675F25C07}.Release|Any CPU.Build.0 = Release|Any CPU
	EndGlobalSection
	GlobalSection(SolutionProperties) = preSolution
		HideSolutionNode = FALSE
	EndGlobalSection
	GlobalSection(ExtensibilityGlobals) = postSolution
		SolutionGuid = {368CEBF7-245F-4AF8-8A15-21BEF6375D0E}
	EndGlobalSection
EndGlobal
